// !$*UTF8*$!
{
	archiveVersion = 1;
	classes = {
	};
	objectVersion = 46;
	objects = {

/* Begin PBXBuildFile section */
		318647591D97DB7E0074F5DC /* AppDelegate.swift in Sources */ = {isa = PBXBuildFile; fileRef = 318647581D97DB7E0074F5DC /* AppDelegate.swift */; };
		3186475B1D97DB7E0074F5DC /* RootViewController.swift in Sources */ = {isa = PBXBuildFile; fileRef = 3186475A1D97DB7E0074F5DC /* RootViewController.swift */; };
		3186475D1D97DB7E0074F5DC /* DataViewController.swift in Sources */ = {isa = PBXBuildFile; fileRef = 3186475C1D97DB7E0074F5DC /* DataViewController.swift */; };
		3186475F1D97DB7E0074F5DC /* ModelController.swift in Sources */ = {isa = PBXBuildFile; fileRef = 3186475E1D97DB7E0074F5DC /* ModelController.swift */; };
		318647621D97DB7E0074F5DC /* Main.storyboard in Resources */ = {isa = PBXBuildFile; fileRef = 318647601D97DB7E0074F5DC /* Main.storyboard */; };
		318647641D97DB7E0074F5DC /* Assets.xcassets in Resources */ = {isa = PBXBuildFile; fileRef = 318647631D97DB7E0074F5DC /* Assets.xcassets */; };
		318647671D97DB7E0074F5DC /* LaunchScreen.storyboard in Resources */ = {isa = PBXBuildFile; fileRef = 318647651D97DB7E0074F5DC /* LaunchScreen.storyboard */; };
		318647751D97EA350074F5DC /* 108367.jpg in Resources */ = {isa = PBXBuildFile; fileRef = 3186476F1D97EA350074F5DC /* 108367.jpg */; };
		318647761D97EA350074F5DC /* amager_aquare_ty_stange.jpg in Resources */ = {isa = PBXBuildFile; fileRef = 318647701D97EA350074F5DC /* amager_aquare_ty_stange.jpg */; };
		318647771D97EA350074F5DC /* Amsterdam.jpg in Resources */ = {isa = PBXBuildFile; fileRef = 318647711D97EA350074F5DC /* Amsterdam.jpg */; };
		318647781D97EA350074F5DC /* berlin.jpg in Resources */ = {isa = PBXBuildFile; fileRef = 318647721D97EA350074F5DC /* berlin.jpg */; };
		318647791D97EA350074F5DC /* dublin-resized.jpg in Resources */ = {isa = PBXBuildFile; fileRef = 318647731D97EA350074F5DC /* dublin-resized.jpg */; };
		3186477A1D97EA350074F5DC /* London_tcm233-2438088.jpg in Resources */ = {isa = PBXBuildFile; fileRef = 318647741D97EA350074F5DC /* London_tcm233-2438088.jpg */; };
		3186477D1D97EAC20074F5DC /* krakow.jpg in Resources */ = {isa = PBXBuildFile; fileRef = 3186477B1D97EAC20074F5DC /* krakow.jpg */; };
		3186477E1D97EAC20074F5DC /* stockholmpanorama.jpg in Resources */ = {isa = PBXBuildFile; fileRef = 3186477C1D97EAC20074F5DC /* stockholmpanorama.jpg */; };
/* End PBXBuildFile section */

/* Begin PBXFileReference section */
		318647551D97DB7E0074F5DC /* T3E01.app */ = {isa = PBXFileReference; explicitFileType = wrapper.application; includeInIndex = 0; path = T3E01.app; sourceTree = BUILT_PRODUCTS_DIR; };
		318647581D97DB7E0074F5DC /* AppDelegate.swift */ = {isa = PBXFileReference; lastKnownFileType = sourcecode.swift; path = AppDelegate.swift; sourceTree = "<group>"; };
		3186475A1D97DB7E0074F5DC /* RootViewController.swift */ = {isa = PBXFileReference; lastKnownFileType = sourcecode.swift; path = RootViewController.swift; sourceTree = "<group>"; };
		3186475C1D97DB7E0074F5DC /* DataViewController.swift */ = {isa = PBXFileReference; lastKnownFileType = sourcecode.swift; path = DataViewController.swift; sourceTree = "<group>"; };
		3186475E1D97DB7E0074F5DC /* ModelController.swift */ = {isa = PBXFileReference; lastKnownFileType = sourcecode.swift; path = ModelController.swift; sourceTree = "<group>"; };
		318647611D97DB7E0074F5DC /* Base */ = {isa = PBXFileReference; lastKnownFileType = file.storyboard; name = Base; path = Base.lproj/Main.storyboard; sourceTree = "<group>"; };
		318647631D97DB7E0074F5DC /* Assets.xcassets */ = {isa = PBXFileReference; lastKnownFileType = folder.assetcatalog; path = Assets.xcassets; sourceTree = "<group>"; };
		318647661D97DB7E0074F5DC /* Base */ = {isa = PBXFileReference; lastKnownFileType = file.storyboard; name = Base; path = Base.lproj/LaunchScreen.storyboard; sourceTree = "<group>"; };
		318647681D97DB7E0074F5DC /* Info.plist */ = {isa = PBXFileReference; lastKnownFileType = text.plist.xml; path = Info.plist; sourceTree = "<group>"; };
		3186476F1D97EA350074F5DC /* 108367.jpg */ = {isa = PBXFileReference; lastKnownFileType = image.jpeg; name = 108367.jpg; path = T3E01/res/108367.jpg; sourceTree = "<group>"; };
		318647701D97EA350074F5DC /* amager_aquare_ty_stange.jpg */ = {isa = PBXFileReference; lastKnownFileType = image.jpeg; name = amager_aquare_ty_stange.jpg; path = T3E01/res/amager_aquare_ty_stange.jpg; sourceTree = "<group>"; };
		318647711D97EA350074F5DC /* Amsterdam.jpg */ = {isa = PBXFileReference; lastKnownFileType = image.jpeg; name = Amsterdam.jpg; path = T3E01/res/Amsterdam.jpg; sourceTree = "<group>"; };
		318647721D97EA350074F5DC /* berlin.jpg */ = {isa = PBXFileReference; lastKnownFileType = image.jpeg; name = berlin.jpg; path = T3E01/res/berlin.jpg; sourceTree = "<group>"; };
		318647731D97EA350074F5DC /* dublin-resized.jpg */ = {isa = PBXFileReference; lastKnownFileType = image.jpeg; name = "dublin-resized.jpg"; path = "T3E01/res/dublin-resized.jpg"; sourceTree = "<group>"; };
		318647741D97EA350074F5DC /* London_tcm233-2438088.jpg */ = {isa = PBXFileReference; lastKnownFileType = image.jpeg; name = "London_tcm233-2438088.jpg"; path = "T3E01/res/London_tcm233-2438088.jpg"; sourceTree = "<group>"; };
		3186477B1D97EAC20074F5DC /* krakow.jpg */ = {isa = PBXFileReference; lastKnownFileType = image.jpeg; name = krakow.jpg; path = T3E01/res/krakow.jpg; sourceTree = "<group>"; };
		3186477C1D97EAC20074F5DC /* stockholmpanorama.jpg */ = {isa = PBXFileReference; lastKnownFileType = image.jpeg; name = stockholmpanorama.jpg; path = T3E01/res/stockholmpanorama.jpg; sourceTree = "<group>"; };
/* End PBXFileReference section */

/* Begin PBXFrameworksBuildPhase section */
		318647521D97DB7E0074F5DC /* Frameworks */ = {
			isa = PBXFrameworksBuildPhase;
			buildActionMask = 2147483647;
			files = (
			);
			runOnlyForDeploymentPostprocessing = 0;
		};
/* End PBXFrameworksBuildPhase section */

/* Begin PBXGroup section */
		3186474C1D97DB7E0074F5DC = {
			isa = PBXGroup;
			children = (
				3186476E1D97E9410074F5DC /* res */,
				318647571D97DB7E0074F5DC /* T3E01 */,
				318647561D97DB7E0074F5DC /* Products */,
			);
			sourceTree = "<group>";
		};
		318647561D97DB7E0074F5DC /* Products */ = {
			isa = PBXGroup;
			children = (
				318647551D97DB7E0074F5DC /* T3E01.app */,
			);
			name = Products;
			sourceTree = "<group>";
		};
		318647571D97DB7E0074F5DC /* T3E01 */ = {
			isa = PBXGroup;
			children = (
				318647581D97DB7E0074F5DC /* AppDelegate.swift */,
				3186475A1D97DB7E0074F5DC /* RootViewController.swift */,
				3186475C1D97DB7E0074F5DC /* DataViewController.swift */,
				3186475E1D97DB7E0074F5DC /* ModelController.swift */,
				318647601D97DB7E0074F5DC /* Main.storyboard */,
				318647631D97DB7E0074F5DC /* Assets.xcassets */,
				318647651D97DB7E0074F5DC /* LaunchScreen.storyboard */,
				318647681D97DB7E0074F5DC /* Info.plist */,
			);
			path = T3E01;
			sourceTree = "<group>";
		};
		3186476E1D97E9410074F5DC /* res */ = {
			isa = PBXGroup;
			children = (
				3186477B1D97EAC20074F5DC /* krakow.jpg */,
				3186477C1D97EAC20074F5DC /* stockholmpanorama.jpg */,
				3186476F1D97EA350074F5DC /* 108367.jpg */,
				318647701D97EA350074F5DC /* amager_aquare_ty_stange.jpg */,
				318647711D97EA350074F5DC /* Amsterdam.jpg */,
				318647721D97EA350074F5DC /* berlin.jpg */,
				318647731D97EA350074F5DC /* dublin-resized.jpg */,
				318647741D97EA350074F5DC /* London_tcm233-2438088.jpg */,
			);
			name = res;
			sourceTree = "<group>";
		};
/* End PBXGroup section */

/* Begin PBXNativeTarget section */
		318647541D97DB7E0074F5DC /* T3E01 */ = {
			isa = PBXNativeTarget;
			buildConfigurationList = 3186476B1D97DB7E0074F5DC /* Build configuration list for PBXNativeTarget "T3E01" */;
			buildPhases = (
				318647511D97DB7E0074F5DC /* Sources */,
				318647521D97DB7E0074F5DC /* Frameworks */,
				318647531D97DB7E0074F5DC /* Resources */,
			);
			buildRules = (
			);
			dependencies = (
			);
			name = T3E01;
			productName = T3E01;
			productReference = 318647551D97DB7E0074F5DC /* T3E01.app */;
			productType = "com.apple.product-type.application";
		};
/* End PBXNativeTarget section */

/* Begin PBXProject section */
		3186474D1D97DB7E0074F5DC /* Project object */ = {
			isa = PBXProject;
			attributes = {
				LastSwiftUpdateCheck = 0800;
				LastUpgradeCheck = 0800;
				ORGANIZATIONNAME = jngd;
				TargetAttributes = {
					318647541D97DB7E0074F5DC = {
						CreatedOnToolsVersion = 8.0;
						ProvisioningStyle = Automatic;
					};
				};
			};
			buildConfigurationList = 318647501D97DB7E0074F5DC /* Build configuration list for PBXProject "T3E01" */;
			compatibilityVersion = "Xcode 3.2";
			developmentRegion = English;
			hasScannedForEncodings = 0;
			knownRegions = (
				en,
				Base,
			);
			mainGroup = 3186474C1D97DB7E0074F5DC;
			productRefGroup = 318647561D97DB7E0074F5DC /* Products */;
			projectDirPath = "";
			projectRoot = "";
			targets = (
				318647541D97DB7E0074F5DC /* T3E01 */,
			);
		};
/* End PBXProject section */

/* Begin PBXResourcesBuildPhase section */
		318647531D97DB7E0074F5DC /* Resources */ = {
			isa = PBXResourcesBuildPhase;
			buildActionMask = 2147483647;
			files = (
				3186477E1D97EAC20074F5DC /* stockholmpanorama.jpg in Resources */,
				318647671D97DB7E0074F5DC /* LaunchScreen.storyboard in Resources */,
				318647641D97DB7E0074F5DC /* Assets.xcassets in Resources */,
				318647791D97EA350074F5DC /* dublin-resized.jpg in Resources */,
				318647781D97EA350074F5DC /* berlin.jpg in Resources */,
				318647771D97EA350074F5DC /* Amsterdam.jpg in Resources */,
				318647761D97EA350074F5DC /* amager_aquare_ty_stange.jpg in Resources */,
				318647751D97EA350074F5DC /* 108367.jpg in Resources */,
				318647621D97DB7E0074F5DC /* Main.storyboard in Resources */,
				3186477A1D97EA350074F5DC /* London_tcm233-2438088.jpg in Resources */,
				3186477D1D97EAC20074F5DC /* krakow.jpg in Resources */,
			);
			runOnlyForDeploymentPostprocessing = 0;
		};
/* End PBXResourcesBuildPhase section */

/* Begin PBXSourcesBuildPhase section */
		318647511D97DB7E0074F5DC /* Sources */ = {
			isa = PBXSourcesBuildPhase;
			buildActionMask = 2147483647;
			files = (
				3186475B1D97DB7E0074F5DC /* RootViewController.swift in Sources */,
				3186475F1D97DB7E0074F5DC /* ModelController.swift in Sources */,
				3186475D1D97DB7E0074F5DC /* DataViewController.swift in Sources */,
				318647591D97DB7E0074F5DC /* AppDelegate.swift in Sources */,
			);
			runOnlyForDeploymentPostprocessing = 0;
		};
/* End PBXSourcesBuildPhase section */

/* Begin PBXVariantGroup section */
		318647601D97DB7E0074F5DC /* Main.storyboard */ = {
			isa = PBXVariantGroup;
			children = (
				318647611D97DB7E0074F5DC /* Base */,
			);
			name = Main.storyboard;
			sourceTree = "<group>";
		};
		318647651D97DB7E0074F5DC /* LaunchScreen.storyboard */ = {
			isa = PBXVariantGroup;
			children = (
				318647661D97DB7E0074F5DC /* Base */,
			);
			name = LaunchScreen.storyboard;
			sourceTree = "<group>";
		};
/* End PBXVariantGroup section */

/* Begin XCBuildConfiguration section */
		318647691D97DB7E0074F5DC /* Debug */ = {
			isa = XCBuildConfiguration;
			buildSettings = {
				ALWAYS_SEARCH_USER_PATHS = NO;
				CLANG_ANALYZER_NONNULL = YES;
				CLANG_CXX_LANGUAGE_STANDARD = "gnu++0x";
				CLANG_CXX_LIBRARY = "libc++";
				CLANG_ENABLE_MODULES = YES;
				CLANG_ENABLE_OBJC_ARC = YES;
				CLANG_WARN_BOOL_CONVERSION = YES;
				CLANG_WARN_CONSTANT_CONVERSION = YES;
				CLANG_WARN_DIRECT_OBJC_ISA_USAGE = YES_ERROR;
				CLANG_WARN_DOCUMENTATION_COMMENTS = YES;
				CLANG_WARN_EMPTY_BODY = YES;
				CLANG_WARN_ENUM_CONVERSION = YES;
				CLANG_WARN_INFINITE_RECURSION = YES;
				CLANG_WARN_INT_CONVERSION = YES;
				CLANG_WARN_OBJC_ROOT_CLASS = YES_ERROR;
				CLANG_WARN_SUSPICIOUS_MOVES = YES;
				CLANG_WARN_UNREACHABLE_CODE = YES;
				CLANG_WARN__DUPLICATE_METHOD_MATCH = YES;
				"CODE_SIGN_IDENTITY[sdk=iphoneos*]" = "iPhone Developer";
				COPY_PHASE_STRIP = NO;
				DEBUG_INFORMATION_FORMAT = dwarf;
				ENABLE_STRICT_OBJC_MSGSEND = YES;
				ENABLE_TESTABILITY = YES;
				GCC_C_LANGUAGE_STANDARD = gnu99;
				GCC_DYNAMIC_NO_PIC = NO;
				GCC_NO_COMMON_BLOCKS = YES;
				GCC_OPTIMIZATION_LEVEL = 0;
				GCC_PREPROCESSOR_DEFINITIONS = (
					"DEBUG=1",
					"$(inherited)",
				);
				GCC_WARN_64_TO_32_BIT_CONVERSION = YES;
				GCC_WARN_ABOUT_RETURN_TYPE = YES_ERROR;
				GCC_WARN_UNDECLARED_SELECTOR = YES;
				GCC_WARN_UNINITIALIZED_AUTOS = YES_AGGRESSIVE;
				GCC_WARN_UNUSED_FUNCTION = YES;
				GCC_WARN_UNUSED_VARIABLE = YES;
				IPHONEOS_DEPLOYMENT_TARGET = 10.0;
				MTL_ENABLE_DEBUG_INFO = YES;
				ONLY_ACTIVE_ARCH = YES;
				SDKROOT = iphoneos;
				SWIFT_ACTIVE_COMPILATION_CONDITIONS = DEBUG;
				SWIFT_OPTIMIZATION_LEVEL = "-Onone";
				TARGETED_DEVICE_FAMILY = "1,2";
			};
			name = Debug;
		};
		3186476A1D97DB7E0074F5DC /* Release */ = {
			isa = XCBuildConfiguration;
			buildSettings = {
				ALWAYS_SEARCH_USER_PATHS = NO;
				CLANG_ANALYZER_NONNULL = YES;
				CLANG_CXX_LANGUAGE_STANDARD = "gnu++0x";
				CLANG_CXX_LIBRARY = "libc++";
				CLANG_ENABLE_MODULES = YES;
				CLANG_ENABLE_OBJC_ARC = YES;
				CLANG_WARN_BOOL_CONVERSION = YES;
				CLANG_WARN_CONSTANT_CONVERSION = YES;
				CLANG_WARN_DIRECT_OBJC_ISA_USAGE = YES_ERROR;
				CLANG_WARN_DOCUMENTATION_COMMENTS = YES;
				CLANG_WARN_EMPTY_BODY = YES;
				CLANG_WARN_ENUM_CONVERSION = YES;
				CLANG_WARN_INFINITE_RECURSION = YES;
				CLANG_WARN_INT_CONVERSION = YES;
				CLANG_WARN_OBJC_ROOT_CLASS = YES_ERROR;
				CLANG_WARN_SUSPICIOUS_MOVES = YES;
				CLANG_WARN_UNREACHABLE_CODE = YES;
				CLANG_WARN__DUPLICATE_METHOD_MATCH = YES;
				"CODE_SIGN_IDENTITY[sdk=iphoneos*]" = "iPhone Developer";
				COPY_PHASE_STRIP = NO;
				DEBUG_INFORMATION_FORMAT = "dwarf-with-dsym";
				ENABLE_NS_ASSERTIONS = NO;
				ENABLE_STRICT_OBJC_MSGSEND = YES;
				GCC_C_LANGUAGE_STANDARD = gnu99;
				GCC_NO_COMMON_BLOCKS = YES;
				GCC_WARN_64_TO_32_BIT_CONVERSION = YES;
				GCC_WARN_ABOUT_RETURN_TYPE = YES_ERROR;
				GCC_WARN_UNDECLARED_SELECTOR = YES;
				GCC_WARN_UNINITIALIZED_AUTOS = YES_AGGRESSIVE;
				GCC_WARN_UNUSED_FUNCTION = YES;
				GCC_WARN_UNUSED_VARIABLE = YES;
				IPHONEOS_DEPLOYMENT_TARGET = 10.0;
				MTL_ENABLE_DEBUG_INFO = NO;
				SDKROOT = iphoneos;
				SWIFT_OPTIMIZATION_LEVEL = "-Owholemodule";
				TARGETED_DEVICE_FAMILY = "1,2";
				VALIDATE_PRODUCT = YES;
			};
			name = Release;
		};
		3186476C1D97DB7E0074F5DC /* Debug */ = {
			isa = XCBuildConfiguration;
			buildSettings = {
				ASSETCATALOG_COMPILER_APPICON_NAME = AppIcon;
				INFOPLIST_FILE = T3E01/Info.plist;
				LD_RUNPATH_SEARCH_PATHS = "$(inherited) @executable_path/Frameworks";
				PRODUCT_BUNDLE_IDENTIFIER = jngd.T3E01;
				PRODUCT_NAME = "$(TARGET_NAME)";
				SWIFT_VERSION = 3.0;
			};
			name = Debug;
		};
		3186476D1D97DB7E0074F5DC /* Release */ = {
			isa = XCBuildConfiguration;
			buildSettings = {
				ASSETCATALOG_COMPILER_APPICON_NAME = AppIcon;
				INFOPLIST_FILE = T3E01/Info.plist;
				LD_RUNPATH_SEARCH_PATHS = "$(inherited) @executable_path/Frameworks";
				PRODUCT_BUNDLE_IDENTIFIER = jngd.T3E01;
				PRODUCT_NAME = "$(TARGET_NAME)";
				SWIFT_VERSION = 3.0;
			};
			name = Release;
		};
/* End XCBuildConfiguration section */

/* Begin XCConfigurationList section */
		318647501D97DB7E0074F5DC /* Build configuration list for PBXProject "T3E01" */ = {
			isa = XCConfigurationList;
			buildConfigurations = (
				318647691D97DB7E0074F5DC /* Debug */,
				3186476A1D97DB7E0074F5DC /* Release */,
			);
			defaultConfigurationIsVisible = 0;
			defaultConfigurationName = Release;
		};
		3186476B1D97DB7E0074F5DC /* Build configuration list for PBXNativeTarget "T3E01" */ = {
			isa = XCConfigurationList;
			buildConfigurations = (
				3186476C1D97DB7E0074F5DC /* Debug */,
				3186476D1D97DB7E0074F5DC /* Release */,
			);
			defaultConfigurationIsVisible = 0;
			defaultConfigurationName = Release;
		};
/* End XCConfigurationList section */
	};
	rootObject = 3186474D1D97DB7E0074F5DC /* Project object */;
}
