// !$*UTF8*$!
{
	archiveVersion = 1;
	classes = {
	};
	objectVersion = 46;
	objects = {

/* Begin PBXBuildFile section */
		31A02FF81D8EAE7F00E93B66 /* AppDelegate.swift in Sources */ = {isa = PBXBuildFile; fileRef = 31A02FF71D8EAE7F00E93B66 /* AppDelegate.swift */; };
		31A02FFA1D8EAE7F00E93B66 /* ViewController.swift in Sources */ = {isa = PBXBuildFile; fileRef = 31A02FF91D8EAE7F00E93B66 /* ViewController.swift */; };
		31A02FFD1D8EAE7F00E93B66 /* Main.storyboard in Resources */ = {isa = PBXBuildFile; fileRef = 31A02FFB1D8EAE7F00E93B66 /* Main.storyboard */; };
		31A02FFF1D8EAE7F00E93B66 /* Assets.xcassets in Resources */ = {isa = PBXBuildFile; fileRef = 31A02FFE1D8EAE7F00E93B66 /* Assets.xcassets */; };
		31A030021D8EAE7F00E93B66 /* LaunchScreen.storyboard in Resources */ = {isa = PBXBuildFile; fileRef = 31A030001D8EAE7F00E93B66 /* LaunchScreen.storyboard */; };
		31A0300D1D8EAFF600E93B66 /* IMG_8793c_free.jpg in Resources */ = {isa = PBXBuildFile; fileRef = 31A0300B1D8EAFF600E93B66 /* IMG_8793c_free.jpg */; };
		31A0300E1D8EAFF600E93B66 /* IMG_8556_free.jpg in Resources */ = {isa = PBXBuildFile; fileRef = 31A0300C1D8EAFF600E93B66 /* IMG_8556_free.jpg */; };
		31A030101D8EB0AF00E93B66 /* BounceTransition.swift in Sources */ = {isa = PBXBuildFile; fileRef = 31A0300F1D8EB0AF00E93B66 /* BounceTransition.swift */; };
		31A030121D8EB3A900E93B66 /* CrossfadeTransition.swift in Sources */ = {isa = PBXBuildFile; fileRef = 31A030111D8EB3A900E93B66 /* CrossfadeTransition.swift */; };
		31A030141D8EB4DC00E93B66 /* SecondViewController.swift in Sources */ = {isa = PBXBuildFile; fileRef = 31A030131D8EB4DC00E93B66 /* SecondViewController.swift */; };
/* End PBXBuildFile section */

/* Begin PBXFileReference section */
		31A02FF41D8EAE7F00E93B66 /* T2E04.app */ = {isa = PBXFileReference; explicitFileType = wrapper.application; includeInIndex = 0; path = T2E04.app; sourceTree = BUILT_PRODUCTS_DIR; };
		31A02FF71D8EAE7F00E93B66 /* AppDelegate.swift */ = {isa = PBXFileReference; lastKnownFileType = sourcecode.swift; path = AppDelegate.swift; sourceTree = "<group>"; };
		31A02FF91D8EAE7F00E93B66 /* ViewController.swift */ = {isa = PBXFileReference; lastKnownFileType = sourcecode.swift; path = ViewController.swift; sourceTree = "<group>"; };
		31A02FFC1D8EAE7F00E93B66 /* Base */ = {isa = PBXFileReference; lastKnownFileType = file.storyboard; name = Base; path = Base.lproj/Main.storyboard; sourceTree = "<group>"; };
		31A02FFE1D8EAE7F00E93B66 /* Assets.xcassets */ = {isa = PBXFileReference; lastKnownFileType = folder.assetcatalog; path = Assets.xcassets; sourceTree = "<group>"; };
		31A030011D8EAE7F00E93B66 /* Base */ = {isa = PBXFileReference; lastKnownFileType = file.storyboard; name = Base; path = Base.lproj/LaunchScreen.storyboard; sourceTree = "<group>"; };
		31A030031D8EAE7F00E93B66 /* Info.plist */ = {isa = PBXFileReference; lastKnownFileType = text.plist.xml; path = Info.plist; sourceTree = "<group>"; };
		31A0300B1D8EAFF600E93B66 /* IMG_8793c_free.jpg */ = {isa = PBXFileReference; lastKnownFileType = image.jpeg; path = IMG_8793c_free.jpg; sourceTree = "<group>"; };
		31A0300C1D8EAFF600E93B66 /* IMG_8556_free.jpg */ = {isa = PBXFileReference; lastKnownFileType = image.jpeg; path = IMG_8556_free.jpg; sourceTree = "<group>"; };
		31A0300F1D8EB0AF00E93B66 /* BounceTransition.swift */ = {isa = PBXFileReference; fileEncoding = 4; lastKnownFileType = sourcecode.swift; path = BounceTransition.swift; sourceTree = "<group>"; };
		31A030111D8EB3A900E93B66 /* CrossfadeTransition.swift */ = {isa = PBXFileReference; fileEncoding = 4; lastKnownFileType = sourcecode.swift; path = CrossfadeTransition.swift; sourceTree = "<group>"; };
		31A030131D8EB4DC00E93B66 /* SecondViewController.swift */ = {isa = PBXFileReference; fileEncoding = 4; lastKnownFileType = sourcecode.swift; path = SecondViewController.swift; sourceTree = "<group>"; };
/* End PBXFileReference section */

/* Begin PBXFrameworksBuildPhase section */
		31A02FF11D8EAE7F00E93B66 /* Frameworks */ = {
			isa = PBXFrameworksBuildPhase;
			buildActionMask = 2147483647;
			files = (
			);
			runOnlyForDeploymentPostprocessing = 0;
		};
/* End PBXFrameworksBuildPhase section */

/* Begin PBXGroup section */
		31A02FEB1D8EAE7F00E93B66 = {
			isa = PBXGroup;
			children = (
				31A0300A1D8EAEF300E93B66 /* resources */,
				31A02FF61D8EAE7F00E93B66 /* T2E04 */,
				31A02FF51D8EAE7F00E93B66 /* Products */,
			);
			sourceTree = "<group>";
		};
		31A02FF51D8EAE7F00E93B66 /* Products */ = {
			isa = PBXGroup;
			children = (
				31A02FF41D8EAE7F00E93B66 /* T2E04.app */,
			);
			name = Products;
			sourceTree = "<group>";
		};
		31A02FF61D8EAE7F00E93B66 /* T2E04 */ = {
			isa = PBXGroup;
			children = (
				31A02FF71D8EAE7F00E93B66 /* AppDelegate.swift */,
				31A02FF91D8EAE7F00E93B66 /* ViewController.swift */,
				31A030131D8EB4DC00E93B66 /* SecondViewController.swift */,
				31A02FFB1D8EAE7F00E93B66 /* Main.storyboard */,
				31A0300F1D8EB0AF00E93B66 /* BounceTransition.swift */,
				31A030111D8EB3A900E93B66 /* CrossfadeTransition.swift */,
				31A02FFE1D8EAE7F00E93B66 /* Assets.xcassets */,
				31A030001D8EAE7F00E93B66 /* LaunchScreen.storyboard */,
				31A030031D8EAE7F00E93B66 /* Info.plist */,
			);
			path = T2E04;
			sourceTree = "<group>";
		};
		31A0300A1D8EAEF300E93B66 /* resources */ = {
			isa = PBXGroup;
			children = (
				31A0300B1D8EAFF600E93B66 /* IMG_8793c_free.jpg */,
				31A0300C1D8EAFF600E93B66 /* IMG_8556_free.jpg */,
			);
			name = resources;
			sourceTree = "<group>";
		};
/* End PBXGroup section */

/* Begin PBXNativeTarget section */
		31A02FF31D8EAE7F00E93B66 /* T2E04 */ = {
			isa = PBXNativeTarget;
			buildConfigurationList = 31A030061D8EAE7F00E93B66 /* Build configuration list for PBXNativeTarget "T2E04" */;
			buildPhases = (
				31A02FF01D8EAE7F00E93B66 /* Sources */,
				31A02FF11D8EAE7F00E93B66 /* Frameworks */,
				31A02FF21D8EAE7F00E93B66 /* Resources */,
			);
			buildRules = (
			);
			dependencies = (
			);
			name = T2E04;
			productName = T2E04;
			productReference = 31A02FF41D8EAE7F00E93B66 /* T2E04.app */;
			productType = "com.apple.product-type.application";
		};
/* End PBXNativeTarget section */

/* Begin PBXProject section */
		31A02FEC1D8EAE7F00E93B66 /* Project object */ = {
			isa = PBXProject;
			attributes = {
				LastSwiftUpdateCheck = 0800;
				LastUpgradeCheck = 0800;
				ORGANIZATIONNAME = jngd;
				TargetAttributes = {
					31A02FF31D8EAE7F00E93B66 = {
						CreatedOnToolsVersion = 8.0;
						ProvisioningStyle = Automatic;
					};
				};
			};
			buildConfigurationList = 31A02FEF1D8EAE7F00E93B66 /* Build configuration list for PBXProject "T2E04" */;
			compatibilityVersion = "Xcode 3.2";
			developmentRegion = English;
			hasScannedForEncodings = 0;
			knownRegions = (
				en,
				Base,
			);
			mainGroup = 31A02FEB1D8EAE7F00E93B66;
			productRefGroup = 31A02FF51D8EAE7F00E93B66 /* Products */;
			projectDirPath = "";
			projectRoot = "";
			targets = (
				31A02FF31D8EAE7F00E93B66 /* T2E04 */,
			);
		};
/* End PBXProject section */

/* Begin PBXResourcesBuildPhase section */
		31A02FF21D8EAE7F00E93B66 /* Resources */ = {
			isa = PBXResourcesBuildPhase;
			buildActionMask = 2147483647;
			files = (
				31A0300D1D8EAFF600E93B66 /* IMG_8793c_free.jpg in Resources */,
				31A030021D8EAE7F00E93B66 /* LaunchScreen.storyboard in Resources */,
				31A02FFF1D8EAE7F00E93B66 /* Assets.xcassets in Resources */,
				31A0300E1D8EAFF600E93B66 /* IMG_8556_free.jpg in Resources */,
				31A02FFD1D8EAE7F00E93B66 /* Main.storyboard in Resources */,
			);
			runOnlyForDeploymentPostprocessing = 0;
		};
/* End PBXResourcesBuildPhase section */

/* Begin PBXSourcesBuildPhase section */
		31A02FF01D8EAE7F00E93B66 /* Sources */ = {
			isa = PBXSourcesBuildPhase;
			buildActionMask = 2147483647;
			files = (
				31A030101D8EB0AF00E93B66 /* BounceTransition.swift in Sources */,
				31A030121D8EB3A900E93B66 /* CrossfadeTransition.swift in Sources */,
				31A02FFA1D8EAE7F00E93B66 /* ViewController.swift in Sources */,
				31A030141D8EB4DC00E93B66 /* SecondViewController.swift in Sources */,
				31A02FF81D8EAE7F00E93B66 /* AppDelegate.swift in Sources */,
			);
			runOnlyForDeploymentPostprocessing = 0;
		};
/* End PBXSourcesBuildPhase section */

/* Begin PBXVariantGroup section */
		31A02FFB1D8EAE7F00E93B66 /* Main.storyboard */ = {
			isa = PBXVariantGroup;
			children = (
				31A02FFC1D8EAE7F00E93B66 /* Base */,
			);
			name = Main.storyboard;
			sourceTree = "<group>";
		};
		31A030001D8EAE7F00E93B66 /* LaunchScreen.storyboard */ = {
			isa = PBXVariantGroup;
			children = (
				31A030011D8EAE7F00E93B66 /* Base */,
			);
			name = LaunchScreen.storyboard;
			sourceTree = "<group>";
		};
/* End PBXVariantGroup section */

/* Begin XCBuildConfiguration section */
		31A030041D8EAE7F00E93B66 /* Debug */ = {
			isa = XCBuildConfiguration;
			buildSettings = {
				ALWAYS_SEARCH_USER_PATHS = NO;
				CLANG_ANALYZER_NONNULL = YES;
				CLANG_CXX_LANGUAGE_STANDARD = "gnu++0x";
				CLANG_CXX_LIBRARY = "libc++";
				CLANG_ENABLE_MODULES = YES;
				CLANG_ENABLE_OBJC_ARC = YES;
				CLANG_WARN_BOOL_CONVERSION = YES;
				CLANG_WARN_CONSTANT_CONVERSION = YES;
				CLANG_WARN_DIRECT_OBJC_ISA_USAGE = YES_ERROR;
				CLANG_WARN_DOCUMENTATION_COMMENTS = YES;
				CLANG_WARN_EMPTY_BODY = YES;
				CLANG_WARN_ENUM_CONVERSION = YES;
				CLANG_WARN_INFINITE_RECURSION = YES;
				CLANG_WARN_INT_CONVERSION = YES;
				CLANG_WARN_OBJC_ROOT_CLASS = YES_ERROR;
				CLANG_WARN_SUSPICIOUS_MOVES = YES;
				CLANG_WARN_UNREACHABLE_CODE = YES;
				CLANG_WARN__DUPLICATE_METHOD_MATCH = YES;
				"CODE_SIGN_IDENTITY[sdk=iphoneos*]" = "iPhone Developer";
				COPY_PHASE_STRIP = NO;
				DEBUG_INFORMATION_FORMAT = dwarf;
				ENABLE_STRICT_OBJC_MSGSEND = YES;
				ENABLE_TESTABILITY = YES;
				GCC_C_LANGUAGE_STANDARD = gnu99;
				GCC_DYNAMIC_NO_PIC = NO;
				GCC_NO_COMMON_BLOCKS = YES;
				GCC_OPTIMIZATION_LEVEL = 0;
				GCC_PREPROCESSOR_DEFINITIONS = (
					"DEBUG=1",
					"$(inherited)",
				);
				GCC_WARN_64_TO_32_BIT_CONVERSION = YES;
				GCC_WARN_ABOUT_RETURN_TYPE = YES_ERROR;
				GCC_WARN_UNDECLARED_SELECTOR = YES;
				GCC_WARN_UNINITIALIZED_AUTOS = YES_AGGRESSIVE;
				GCC_WARN_UNUSED_FUNCTION = YES;
				GCC_WARN_UNUSED_VARIABLE = YES;
				IPHONEOS_DEPLOYMENT_TARGET = 10.0;
				MTL_ENABLE_DEBUG_INFO = YES;
				ONLY_ACTIVE_ARCH = YES;
				SDKROOT = iphoneos;
				SWIFT_ACTIVE_COMPILATION_CONDITIONS = DEBUG;
				SWIFT_OPTIMIZATION_LEVEL = "-Onone";
				TARGETED_DEVICE_FAMILY = "1,2";
			};
			name = Debug;
		};
		31A030051D8EAE7F00E93B66 /* Release */ = {
			isa = XCBuildConfiguration;
			buildSettings = {
				ALWAYS_SEARCH_USER_PATHS = NO;
				CLANG_ANALYZER_NONNULL = YES;
				CLANG_CXX_LANGUAGE_STANDARD = "gnu++0x";
				CLANG_CXX_LIBRARY = "libc++";
				CLANG_ENABLE_MODULES = YES;
				CLANG_ENABLE_OBJC_ARC = YES;
				CLANG_WARN_BOOL_CONVERSION = YES;
				CLANG_WARN_CONSTANT_CONVERSION = YES;
				CLANG_WARN_DIRECT_OBJC_ISA_USAGE = YES_ERROR;
				CLANG_WARN_DOCUMENTATION_COMMENTS = YES;
				CLANG_WARN_EMPTY_BODY = YES;
				CLANG_WARN_ENUM_CONVERSION = YES;
				CLANG_WARN_INFINITE_RECURSION = YES;
				CLANG_WARN_INT_CONVERSION = YES;
				CLANG_WARN_OBJC_ROOT_CLASS = YES_ERROR;
				CLANG_WARN_SUSPICIOUS_MOVES = YES;
				CLANG_WARN_UNREACHABLE_CODE = YES;
				CLANG_WARN__DUPLICATE_METHOD_MATCH = YES;
				"CODE_SIGN_IDENTITY[sdk=iphoneos*]" = "iPhone Developer";
				COPY_PHASE_STRIP = NO;
				DEBUG_INFORMATION_FORMAT = "dwarf-with-dsym";
				ENABLE_NS_ASSERTIONS = NO;
				ENABLE_STRICT_OBJC_MSGSEND = YES;
				GCC_C_LANGUAGE_STANDARD = gnu99;
				GCC_NO_COMMON_BLOCKS = YES;
				GCC_WARN_64_TO_32_BIT_CONVERSION = YES;
				GCC_WARN_ABOUT_RETURN_TYPE = YES_ERROR;
				GCC_WARN_UNDECLARED_SELECTOR = YES;
				GCC_WARN_UNINITIALIZED_AUTOS = YES_AGGRESSIVE;
				GCC_WARN_UNUSED_FUNCTION = YES;
				GCC_WARN_UNUSED_VARIABLE = YES;
				IPHONEOS_DEPLOYMENT_TARGET = 10.0;
				MTL_ENABLE_DEBUG_INFO = NO;
				SDKROOT = iphoneos;
				SWIFT_OPTIMIZATION_LEVEL = "-Owholemodule";
				TARGETED_DEVICE_FAMILY = "1,2";
				VALIDATE_PRODUCT = YES;
			};
			name = Release;
		};
		31A030071D8EAE7F00E93B66 /* Debug */ = {
			isa = XCBuildConfiguration;
			buildSettings = {
				ASSETCATALOG_COMPILER_APPICON_NAME = AppIcon;
				INFOPLIST_FILE = T2E04/Info.plist;
				LD_RUNPATH_SEARCH_PATHS = "$(inherited) @executable_path/Frameworks";
				PRODUCT_BUNDLE_IDENTIFIER = jngd.T2E04;
				PRODUCT_NAME = "$(TARGET_NAME)";
				SWIFT_VERSION = 3.0;
			};
			name = Debug;
		};
		31A030081D8EAE7F00E93B66 /* Release */ = {
			isa = XCBuildConfiguration;
			buildSettings = {
				ASSETCATALOG_COMPILER_APPICON_NAME = AppIcon;
				INFOPLIST_FILE = T2E04/Info.plist;
				LD_RUNPATH_SEARCH_PATHS = "$(inherited) @executable_path/Frameworks";
				PRODUCT_BUNDLE_IDENTIFIER = jngd.T2E04;
				PRODUCT_NAME = "$(TARGET_NAME)";
				SWIFT_VERSION = 3.0;
			};
			name = Release;
		};
/* End XCBuildConfiguration section */

/* Begin XCConfigurationList section */
		31A02FEF1D8EAE7F00E93B66 /* Build configuration list for PBXProject "T2E04" */ = {
			isa = XCConfigurationList;
			buildConfigurations = (
				31A030041D8EAE7F00E93B66 /* Debug */,
				31A030051D8EAE7F00E93B66 /* Release */,
			);
			defaultConfigurationIsVisible = 0;
			defaultConfigurationName = Release;
		};
		31A030061D8EAE7F00E93B66 /* Build configuration list for PBXNativeTarget "T2E04" */ = {
			isa = XCConfigurationList;
			buildConfigurations = (
				31A030071D8EAE7F00E93B66 /* Debug */,
				31A030081D8EAE7F00E93B66 /* Release */,
			);
			defaultConfigurationIsVisible = 0;
			defaultConfigurationName = Release;
		};
/* End XCConfigurationList section */
	};
	rootObject = 31A02FEC1D8EAE7F00E93B66 /* Project object */;
}
