// !$*UTF8*$!
{
	archiveVersion = 1;
	classes = {
	};
	objectVersion = 46;
	objects = {

/* Begin PBXBuildFile section */
		3131487D1DC9181300D2B02F /* AppDelegate.swift in Sources */ = {isa = PBXBuildFile; fileRef = 3131487C1DC9181300D2B02F /* AppDelegate.swift */; };
		3131487F1DC9181300D2B02F /* ViewController.swift in Sources */ = {isa = PBXBuildFile; fileRef = 3131487E1DC9181300D2B02F /* ViewController.swift */; };
		313148821DC9181300D2B02F /* Main.storyboard in Resources */ = {isa = PBXBuildFile; fileRef = 313148801DC9181300D2B02F /* Main.storyboard */; };
		313148841DC9181300D2B02F /* Assets.xcassets in Resources */ = {isa = PBXBuildFile; fileRef = 313148831DC9181300D2B02F /* Assets.xcassets */; };
		313148871DC9181300D2B02F /* LaunchScreen.storyboard in Resources */ = {isa = PBXBuildFile; fileRef = 313148851DC9181300D2B02F /* LaunchScreen.storyboard */; };
/* End PBXBuildFile section */

/* Begin PBXFileReference section */
		313148791DC9181300D2B02F /* T12E02.app */ = {isa = PBXFileReference; explicitFileType = wrapper.application; includeInIndex = 0; path = T12E02.app; sourceTree = BUILT_PRODUCTS_DIR; };
		3131487C1DC9181300D2B02F /* AppDelegate.swift */ = {isa = PBXFileReference; lastKnownFileType = sourcecode.swift; path = AppDelegate.swift; sourceTree = "<group>"; };
		3131487E1DC9181300D2B02F /* ViewController.swift */ = {isa = PBXFileReference; lastKnownFileType = sourcecode.swift; path = ViewController.swift; sourceTree = "<group>"; };
		313148811DC9181300D2B02F /* Base */ = {isa = PBXFileReference; lastKnownFileType = file.storyboard; name = Base; path = Base.lproj/Main.storyboard; sourceTree = "<group>"; };
		313148831DC9181300D2B02F /* Assets.xcassets */ = {isa = PBXFileReference; lastKnownFileType = folder.assetcatalog; path = Assets.xcassets; sourceTree = "<group>"; };
		313148861DC9181300D2B02F /* Base */ = {isa = PBXFileReference; lastKnownFileType = file.storyboard; name = Base; path = Base.lproj/LaunchScreen.storyboard; sourceTree = "<group>"; };
		313148881DC9181300D2B02F /* Info.plist */ = {isa = PBXFileReference; lastKnownFileType = text.plist.xml; path = Info.plist; sourceTree = "<group>"; };
/* End PBXFileReference section */

/* Begin PBXFrameworksBuildPhase section */
		313148761DC9181300D2B02F /* Frameworks */ = {
			isa = PBXFrameworksBuildPhase;
			buildActionMask = 2147483647;
			files = (
			);
			runOnlyForDeploymentPostprocessing = 0;
		};
/* End PBXFrameworksBuildPhase section */

/* Begin PBXGroup section */
		313148701DC9181300D2B02F = {
			isa = PBXGroup;
			children = (
				3131487B1DC9181300D2B02F /* T12E02 */,
				3131487A1DC9181300D2B02F /* Products */,
			);
			sourceTree = "<group>";
		};
		3131487A1DC9181300D2B02F /* Products */ = {
			isa = PBXGroup;
			children = (
				313148791DC9181300D2B02F /* T12E02.app */,
			);
			name = Products;
			sourceTree = "<group>";
		};
		3131487B1DC9181300D2B02F /* T12E02 */ = {
			isa = PBXGroup;
			children = (
				3131487C1DC9181300D2B02F /* AppDelegate.swift */,
				3131487E1DC9181300D2B02F /* ViewController.swift */,
				313148801DC9181300D2B02F /* Main.storyboard */,
				313148831DC9181300D2B02F /* Assets.xcassets */,
				313148851DC9181300D2B02F /* LaunchScreen.storyboard */,
				313148881DC9181300D2B02F /* Info.plist */,
			);
			path = T12E02;
			sourceTree = "<group>";
		};
/* End PBXGroup section */

/* Begin PBXNativeTarget section */
		313148781DC9181300D2B02F /* T12E02 */ = {
			isa = PBXNativeTarget;
			buildConfigurationList = 3131488B1DC9181300D2B02F /* Build configuration list for PBXNativeTarget "T12E02" */;
			buildPhases = (
				313148751DC9181300D2B02F /* Sources */,
				313148761DC9181300D2B02F /* Frameworks */,
				313148771DC9181300D2B02F /* Resources */,
			);
			buildRules = (
			);
			dependencies = (
			);
			name = T12E02;
			productName = T12E02;
			productReference = 313148791DC9181300D2B02F /* T12E02.app */;
			productType = "com.apple.product-type.application";
		};
/* End PBXNativeTarget section */

/* Begin PBXProject section */
		313148711DC9181300D2B02F /* Project object */ = {
			isa = PBXProject;
			attributes = {
				LastSwiftUpdateCheck = 0730;
				LastUpgradeCheck = 0730;
				ORGANIZATIONNAME = jngd;
				TargetAttributes = {
					313148781DC9181300D2B02F = {
						CreatedOnToolsVersion = 7.3.1;
						SystemCapabilities = {
							com.apple.BackgroundModes = {
								enabled = 1;
							};
						};
					};
				};
			};
			buildConfigurationList = 313148741DC9181300D2B02F /* Build configuration list for PBXProject "T12E02" */;
			compatibilityVersion = "Xcode 3.2";
			developmentRegion = English;
			hasScannedForEncodings = 0;
			knownRegions = (
				en,
				Base,
			);
			mainGroup = 313148701DC9181300D2B02F;
			productRefGroup = 3131487A1DC9181300D2B02F /* Products */;
			projectDirPath = "";
			projectRoot = "";
			targets = (
				313148781DC9181300D2B02F /* T12E02 */,
			);
		};
/* End PBXProject section */

/* Begin PBXResourcesBuildPhase section */
		313148771DC9181300D2B02F /* Resources */ = {
			isa = PBXResourcesBuildPhase;
			buildActionMask = 2147483647;
			files = (
				313148871DC9181300D2B02F /* LaunchScreen.storyboard in Resources */,
				313148841DC9181300D2B02F /* Assets.xcassets in Resources */,
				313148821DC9181300D2B02F /* Main.storyboard in Resources */,
			);
			runOnlyForDeploymentPostprocessing = 0;
		};
/* End PBXResourcesBuildPhase section */

/* Begin PBXSourcesBuildPhase section */
		313148751DC9181300D2B02F /* Sources */ = {
			isa = PBXSourcesBuildPhase;
			buildActionMask = 2147483647;
			files = (
				3131487F1DC9181300D2B02F /* ViewController.swift in Sources */,
				3131487D1DC9181300D2B02F /* AppDelegate.swift in Sources */,
			);
			runOnlyForDeploymentPostprocessing = 0;
		};
/* End PBXSourcesBuildPhase section */

/* Begin PBXVariantGroup section */
		313148801DC9181300D2B02F /* Main.storyboard */ = {
			isa = PBXVariantGroup;
			children = (
				313148811DC9181300D2B02F /* Base */,
			);
			name = Main.storyboard;
			sourceTree = "<group>";
		};
		313148851DC9181300D2B02F /* LaunchScreen.storyboard */ = {
			isa = PBXVariantGroup;
			children = (
				313148861DC9181300D2B02F /* Base */,
			);
			name = LaunchScreen.storyboard;
			sourceTree = "<group>";
		};
/* End PBXVariantGroup section */

/* Begin XCBuildConfiguration section */
		313148891DC9181300D2B02F /* Debug */ = {
			isa = XCBuildConfiguration;
			buildSettings = {
				ALWAYS_SEARCH_USER_PATHS = NO;
				CLANG_ANALYZER_NONNULL = YES;
				CLANG_CXX_LANGUAGE_STANDARD = "gnu++0x";
				CLANG_CXX_LIBRARY = "libc++";
				CLANG_ENABLE_MODULES = YES;
				CLANG_ENABLE_OBJC_ARC = YES;
				CLANG_WARN_BOOL_CONVERSION = YES;
				CLANG_WARN_CONSTANT_CONVERSION = YES;
				CLANG_WARN_DIRECT_OBJC_ISA_USAGE = YES_ERROR;
				CLANG_WARN_EMPTY_BODY = YES;
				CLANG_WARN_ENUM_CONVERSION = YES;
				CLANG_WARN_INT_CONVERSION = YES;
				CLANG_WARN_OBJC_ROOT_CLASS = YES_ERROR;
				CLANG_WARN_UNREACHABLE_CODE = YES;
				CLANG_WARN__DUPLICATE_METHOD_MATCH = YES;
				"CODE_SIGN_IDENTITY[sdk=iphoneos*]" = "iPhone Developer";
				COPY_PHASE_STRIP = NO;
				DEBUG_INFORMATION_FORMAT = dwarf;
				ENABLE_STRICT_OBJC_MSGSEND = YES;
				ENABLE_TESTABILITY = YES;
				GCC_C_LANGUAGE_STANDARD = gnu99;
				GCC_DYNAMIC_NO_PIC = NO;
				GCC_NO_COMMON_BLOCKS = YES;
				GCC_OPTIMIZATION_LEVEL = 0;
				GCC_PREPROCESSOR_DEFINITIONS = (
					"DEBUG=1",
					"$(inherited)",
				);
				GCC_WARN_64_TO_32_BIT_CONVERSION = YES;
				GCC_WARN_ABOUT_RETURN_TYPE = YES_ERROR;
				GCC_WARN_UNDECLARED_SELECTOR = YES;
				GCC_WARN_UNINITIALIZED_AUTOS = YES_AGGRESSIVE;
				GCC_WARN_UNUSED_FUNCTION = YES;
				GCC_WARN_UNUSED_VARIABLE = YES;
				IPHONEOS_DEPLOYMENT_TARGET = 9.3;
				MTL_ENABLE_DEBUG_INFO = YES;
				ONLY_ACTIVE_ARCH = YES;
				SDKROOT = iphoneos;
				SWIFT_OPTIMIZATION_LEVEL = "-Onone";
			};
			name = Debug;
		};
		3131488A1DC9181300D2B02F /* Release */ = {
			isa = XCBuildConfiguration;
			buildSettings = {
				ALWAYS_SEARCH_USER_PATHS = NO;
				CLANG_ANALYZER_NONNULL = YES;
				CLANG_CXX_LANGUAGE_STANDARD = "gnu++0x";
				CLANG_CXX_LIBRARY = "libc++";
				CLANG_ENABLE_MODULES = YES;
				CLANG_ENABLE_OBJC_ARC = YES;
				CLANG_WARN_BOOL_CONVERSION = YES;
				CLANG_WARN_CONSTANT_CONVERSION = YES;
				CLANG_WARN_DIRECT_OBJC_ISA_USAGE = YES_ERROR;
				CLANG_WARN_EMPTY_BODY = YES;
				CLANG_WARN_ENUM_CONVERSION = YES;
				CLANG_WARN_INT_CONVERSION = YES;
				CLANG_WARN_OBJC_ROOT_CLASS = YES_ERROR;
				CLANG_WARN_UNREACHABLE_CODE = YES;
				CLANG_WARN__DUPLICATE_METHOD_MATCH = YES;
				"CODE_SIGN_IDENTITY[sdk=iphoneos*]" = "iPhone Developer";
				COPY_PHASE_STRIP = NO;
				DEBUG_INFORMATION_FORMAT = "dwarf-with-dsym";
				ENABLE_NS_ASSERTIONS = NO;
				ENABLE_STRICT_OBJC_MSGSEND = YES;
				GCC_C_LANGUAGE_STANDARD = gnu99;
				GCC_NO_COMMON_BLOCKS = YES;
				GCC_WARN_64_TO_32_BIT_CONVERSION = YES;
				GCC_WARN_ABOUT_RETURN_TYPE = YES_ERROR;
				GCC_WARN_UNDECLARED_SELECTOR = YES;
				GCC_WARN_UNINITIALIZED_AUTOS = YES_AGGRESSIVE;
				GCC_WARN_UNUSED_FUNCTION = YES;
				GCC_WARN_UNUSED_VARIABLE = YES;
				IPHONEOS_DEPLOYMENT_TARGET = 9.3;
				MTL_ENABLE_DEBUG_INFO = NO;
				SDKROOT = iphoneos;
				VALIDATE_PRODUCT = YES;
			};
			name = Release;
		};
		3131488C1DC9181300D2B02F /* Debug */ = {
			isa = XCBuildConfiguration;
			buildSettings = {
				ASSETCATALOG_COMPILER_APPICON_NAME = AppIcon;
				INFOPLIST_FILE = T12E02/Info.plist;
				LD_RUNPATH_SEARCH_PATHS = "$(inherited) @executable_path/Frameworks";
				PRODUCT_BUNDLE_IDENTIFIER = jngd.T12E02;
				PRODUCT_NAME = "$(TARGET_NAME)";
			};
			name = Debug;
		};
		3131488D1DC9181300D2B02F /* Release */ = {
			isa = XCBuildConfiguration;
			buildSettings = {
				ASSETCATALOG_COMPILER_APPICON_NAME = AppIcon;
				INFOPLIST_FILE = T12E02/Info.plist;
				LD_RUNPATH_SEARCH_PATHS = "$(inherited) @executable_path/Frameworks";
				PRODUCT_BUNDLE_IDENTIFIER = jngd.T12E02;
				PRODUCT_NAME = "$(TARGET_NAME)";
			};
			name = Release;
		};
/* End XCBuildConfiguration section */

/* Begin XCConfigurationList section */
		313148741DC9181300D2B02F /* Build configuration list for PBXProject "T12E02" */ = {
			isa = XCConfigurationList;
			buildConfigurations = (
				313148891DC9181300D2B02F /* Debug */,
				3131488A1DC9181300D2B02F /* Release */,
			);
			defaultConfigurationIsVisible = 0;
			defaultConfigurationName = Release;
		};
		3131488B1DC9181300D2B02F /* Build configuration list for PBXNativeTarget "T12E02" */ = {
			isa = XCConfigurationList;
			buildConfigurations = (
				3131488C1DC9181300D2B02F /* Debug */,
				3131488D1DC9181300D2B02F /* Release */,
			);
			defaultConfigurationIsVisible = 0;
		};
/* End XCConfigurationList section */
	};
	rootObject = 313148711DC9181300D2B02F /* Project object */;
}
