// !$*UTF8*$!
{
	archiveVersion = 1;
	classes = {
	};
	objectVersion = 46;
	objects = {

/* Begin PBXBuildFile section */
		3111D7FA1DCE4BDA009739F1 /* EventThisWeekController.swift in Sources */ = {isa = PBXBuildFile; fileRef = 3111D7F91DCE4BDA009739F1 /* EventThisWeekController.swift */; };
		317E6B681DCDD78400119706 /* AppDelegate.swift in Sources */ = {isa = PBXBuildFile; fileRef = 317E6B671DCDD78400119706 /* AppDelegate.swift */; };
		317E6B6A1DCDD78400119706 /* ViewController.swift in Sources */ = {isa = PBXBuildFile; fileRef = 317E6B691DCDD78400119706 /* ViewController.swift */; };
		317E6B6D1DCDD78400119706 /* Main.storyboard in Resources */ = {isa = PBXBuildFile; fileRef = 317E6B6B1DCDD78400119706 /* Main.storyboard */; };
		317E6B6F1DCDD78400119706 /* Assets.xcassets in Resources */ = {isa = PBXBuildFile; fileRef = 317E6B6E1DCDD78400119706 /* Assets.xcassets */; };
		317E6B721DCDD78400119706 /* LaunchScreen.storyboard in Resources */ = {isa = PBXBuildFile; fileRef = 317E6B701DCDD78400119706 /* LaunchScreen.storyboard */; };
/* End PBXBuildFile section */

/* Begin PBXFileReference section */
		3111D7F91DCE4BDA009739F1 /* EventThisWeekController.swift */ = {isa = PBXFileReference; fileEncoding = 4; lastKnownFileType = sourcecode.swift; path = EventThisWeekController.swift; sourceTree = "<group>"; };
		317E6B641DCDD78400119706 /* T17E01.app */ = {isa = PBXFileReference; explicitFileType = wrapper.application; includeInIndex = 0; path = T17E01.app; sourceTree = BUILT_PRODUCTS_DIR; };
		317E6B671DCDD78400119706 /* AppDelegate.swift */ = {isa = PBXFileReference; lastKnownFileType = sourcecode.swift; path = AppDelegate.swift; sourceTree = "<group>"; };
		317E6B691DCDD78400119706 /* ViewController.swift */ = {isa = PBXFileReference; lastKnownFileType = sourcecode.swift; path = ViewController.swift; sourceTree = "<group>"; };
		317E6B6C1DCDD78400119706 /* Base */ = {isa = PBXFileReference; lastKnownFileType = file.storyboard; name = Base; path = Base.lproj/Main.storyboard; sourceTree = "<group>"; };
		317E6B6E1DCDD78400119706 /* Assets.xcassets */ = {isa = PBXFileReference; lastKnownFileType = folder.assetcatalog; path = Assets.xcassets; sourceTree = "<group>"; };
		317E6B711DCDD78400119706 /* Base */ = {isa = PBXFileReference; lastKnownFileType = file.storyboard; name = Base; path = Base.lproj/LaunchScreen.storyboard; sourceTree = "<group>"; };
		317E6B731DCDD78400119706 /* Info.plist */ = {isa = PBXFileReference; lastKnownFileType = text.plist.xml; path = Info.plist; sourceTree = "<group>"; };
/* End PBXFileReference section */

/* Begin PBXFrameworksBuildPhase section */
		317E6B611DCDD78400119706 /* Frameworks */ = {
			isa = PBXFrameworksBuildPhase;
			buildActionMask = 2147483647;
			files = (
			);
			runOnlyForDeploymentPostprocessing = 0;
		};
/* End PBXFrameworksBuildPhase section */

/* Begin PBXGroup section */
		317E6B5B1DCDD78400119706 = {
			isa = PBXGroup;
			children = (
				317E6B661DCDD78400119706 /* T17E01 */,
				317E6B651DCDD78400119706 /* Products */,
			);
			sourceTree = "<group>";
		};
		317E6B651DCDD78400119706 /* Products */ = {
			isa = PBXGroup;
			children = (
				317E6B641DCDD78400119706 /* T17E01.app */,
			);
			name = Products;
			sourceTree = "<group>";
		};
		317E6B661DCDD78400119706 /* T17E01 */ = {
			isa = PBXGroup;
			children = (
				317E6B671DCDD78400119706 /* AppDelegate.swift */,
				3111D7F91DCE4BDA009739F1 /* EventThisWeekController.swift */,
				317E6B691DCDD78400119706 /* ViewController.swift */,
				317E6B6B1DCDD78400119706 /* Main.storyboard */,
				317E6B6E1DCDD78400119706 /* Assets.xcassets */,
				317E6B701DCDD78400119706 /* LaunchScreen.storyboard */,
				317E6B731DCDD78400119706 /* Info.plist */,
			);
			path = T17E01;
			sourceTree = "<group>";
		};
/* End PBXGroup section */

/* Begin PBXNativeTarget section */
		317E6B631DCDD78400119706 /* T17E01 */ = {
			isa = PBXNativeTarget;
			buildConfigurationList = 317E6B761DCDD78400119706 /* Build configuration list for PBXNativeTarget "T17E01" */;
			buildPhases = (
				317E6B601DCDD78400119706 /* Sources */,
				317E6B611DCDD78400119706 /* Frameworks */,
				317E6B621DCDD78400119706 /* Resources */,
			);
			buildRules = (
			);
			dependencies = (
			);
			name = T17E01;
			productName = T17E01;
			productReference = 317E6B641DCDD78400119706 /* T17E01.app */;
			productType = "com.apple.product-type.application";
		};
/* End PBXNativeTarget section */

/* Begin PBXProject section */
		317E6B5C1DCDD78400119706 /* Project object */ = {
			isa = PBXProject;
			attributes = {
				LastSwiftUpdateCheck = 0730;
				LastUpgradeCheck = 0730;
				ORGANIZATIONNAME = jngd;
				TargetAttributes = {
					317E6B631DCDD78400119706 = {
						CreatedOnToolsVersion = 7.3.1;
					};
				};
			};
			buildConfigurationList = 317E6B5F1DCDD78400119706 /* Build configuration list for PBXProject "T17E01" */;
			compatibilityVersion = "Xcode 3.2";
			developmentRegion = English;
			hasScannedForEncodings = 0;
			knownRegions = (
				en,
				Base,
			);
			mainGroup = 317E6B5B1DCDD78400119706;
			productRefGroup = 317E6B651DCDD78400119706 /* Products */;
			projectDirPath = "";
			projectRoot = "";
			targets = (
				317E6B631DCDD78400119706 /* T17E01 */,
			);
		};
/* End PBXProject section */

/* Begin PBXResourcesBuildPhase section */
		317E6B621DCDD78400119706 /* Resources */ = {
			isa = PBXResourcesBuildPhase;
			buildActionMask = 2147483647;
			files = (
				317E6B721DCDD78400119706 /* LaunchScreen.storyboard in Resources */,
				317E6B6F1DCDD78400119706 /* Assets.xcassets in Resources */,
				317E6B6D1DCDD78400119706 /* Main.storyboard in Resources */,
			);
			runOnlyForDeploymentPostprocessing = 0;
		};
/* End PBXResourcesBuildPhase section */

/* Begin PBXSourcesBuildPhase section */
		317E6B601DCDD78400119706 /* Sources */ = {
			isa = PBXSourcesBuildPhase;
			buildActionMask = 2147483647;
			files = (
				317E6B6A1DCDD78400119706 /* ViewController.swift in Sources */,
				317E6B681DCDD78400119706 /* AppDelegate.swift in Sources */,
				3111D7FA1DCE4BDA009739F1 /* EventThisWeekController.swift in Sources */,
			);
			runOnlyForDeploymentPostprocessing = 0;
		};
/* End PBXSourcesBuildPhase section */

/* Begin PBXVariantGroup section */
		317E6B6B1DCDD78400119706 /* Main.storyboard */ = {
			isa = PBXVariantGroup;
			children = (
				317E6B6C1DCDD78400119706 /* Base */,
			);
			name = Main.storyboard;
			sourceTree = "<group>";
		};
		317E6B701DCDD78400119706 /* LaunchScreen.storyboard */ = {
			isa = PBXVariantGroup;
			children = (
				317E6B711DCDD78400119706 /* Base */,
			);
			name = LaunchScreen.storyboard;
			sourceTree = "<group>";
		};
/* End PBXVariantGroup section */

/* Begin XCBuildConfiguration section */
		317E6B741DCDD78400119706 /* Debug */ = {
			isa = XCBuildConfiguration;
			buildSettings = {
				ALWAYS_SEARCH_USER_PATHS = NO;
				CLANG_ANALYZER_NONNULL = YES;
				CLANG_CXX_LANGUAGE_STANDARD = "gnu++0x";
				CLANG_CXX_LIBRARY = "libc++";
				CLANG_ENABLE_MODULES = YES;
				CLANG_ENABLE_OBJC_ARC = YES;
				CLANG_WARN_BOOL_CONVERSION = YES;
				CLANG_WARN_CONSTANT_CONVERSION = YES;
				CLANG_WARN_DIRECT_OBJC_ISA_USAGE = YES_ERROR;
				CLANG_WARN_EMPTY_BODY = YES;
				CLANG_WARN_ENUM_CONVERSION = YES;
				CLANG_WARN_INT_CONVERSION = YES;
				CLANG_WARN_OBJC_ROOT_CLASS = YES_ERROR;
				CLANG_WARN_UNREACHABLE_CODE = YES;
				CLANG_WARN__DUPLICATE_METHOD_MATCH = YES;
				"CODE_SIGN_IDENTITY[sdk=iphoneos*]" = "iPhone Developer";
				COPY_PHASE_STRIP = NO;
				DEBUG_INFORMATION_FORMAT = dwarf;
				ENABLE_STRICT_OBJC_MSGSEND = YES;
				ENABLE_TESTABILITY = YES;
				GCC_C_LANGUAGE_STANDARD = gnu99;
				GCC_DYNAMIC_NO_PIC = NO;
				GCC_NO_COMMON_BLOCKS = YES;
				GCC_OPTIMIZATION_LEVEL = 0;
				GCC_PREPROCESSOR_DEFINITIONS = (
					"DEBUG=1",
					"$(inherited)",
				);
				GCC_WARN_64_TO_32_BIT_CONVERSION = YES;
				GCC_WARN_ABOUT_RETURN_TYPE = YES_ERROR;
				GCC_WARN_UNDECLARED_SELECTOR = YES;
				GCC_WARN_UNINITIALIZED_AUTOS = YES_AGGRESSIVE;
				GCC_WARN_UNUSED_FUNCTION = YES;
				GCC_WARN_UNUSED_VARIABLE = YES;
				IPHONEOS_DEPLOYMENT_TARGET = 9.3;
				MTL_ENABLE_DEBUG_INFO = YES;
				ONLY_ACTIVE_ARCH = YES;
				SDKROOT = iphoneos;
				SWIFT_OPTIMIZATION_LEVEL = "-Onone";
			};
			name = Debug;
		};
		317E6B751DCDD78400119706 /* Release */ = {
			isa = XCBuildConfiguration;
			buildSettings = {
				ALWAYS_SEARCH_USER_PATHS = NO;
				CLANG_ANALYZER_NONNULL = YES;
				CLANG_CXX_LANGUAGE_STANDARD = "gnu++0x";
				CLANG_CXX_LIBRARY = "libc++";
				CLANG_ENABLE_MODULES = YES;
				CLANG_ENABLE_OBJC_ARC = YES;
				CLANG_WARN_BOOL_CONVERSION = YES;
				CLANG_WARN_CONSTANT_CONVERSION = YES;
				CLANG_WARN_DIRECT_OBJC_ISA_USAGE = YES_ERROR;
				CLANG_WARN_EMPTY_BODY = YES;
				CLANG_WARN_ENUM_CONVERSION = YES;
				CLANG_WARN_INT_CONVERSION = YES;
				CLANG_WARN_OBJC_ROOT_CLASS = YES_ERROR;
				CLANG_WARN_UNREACHABLE_CODE = YES;
				CLANG_WARN__DUPLICATE_METHOD_MATCH = YES;
				"CODE_SIGN_IDENTITY[sdk=iphoneos*]" = "iPhone Developer";
				COPY_PHASE_STRIP = NO;
				DEBUG_INFORMATION_FORMAT = "dwarf-with-dsym";
				ENABLE_NS_ASSERTIONS = NO;
				ENABLE_STRICT_OBJC_MSGSEND = YES;
				GCC_C_LANGUAGE_STANDARD = gnu99;
				GCC_NO_COMMON_BLOCKS = YES;
				GCC_WARN_64_TO_32_BIT_CONVERSION = YES;
				GCC_WARN_ABOUT_RETURN_TYPE = YES_ERROR;
				GCC_WARN_UNDECLARED_SELECTOR = YES;
				GCC_WARN_UNINITIALIZED_AUTOS = YES_AGGRESSIVE;
				GCC_WARN_UNUSED_FUNCTION = YES;
				GCC_WARN_UNUSED_VARIABLE = YES;
				IPHONEOS_DEPLOYMENT_TARGET = 9.3;
				MTL_ENABLE_DEBUG_INFO = NO;
				SDKROOT = iphoneos;
				VALIDATE_PRODUCT = YES;
			};
			name = Release;
		};
		317E6B771DCDD78400119706 /* Debug */ = {
			isa = XCBuildConfiguration;
			buildSettings = {
				ASSETCATALOG_COMPILER_APPICON_NAME = AppIcon;
				INFOPLIST_FILE = T17E01/Info.plist;
				LD_RUNPATH_SEARCH_PATHS = "$(inherited) @executable_path/Frameworks";
				PRODUCT_BUNDLE_IDENTIFIER = jngd.T17E01;
				PRODUCT_NAME = "$(TARGET_NAME)";
			};
			name = Debug;
		};
		317E6B781DCDD78400119706 /* Release */ = {
			isa = XCBuildConfiguration;
			buildSettings = {
				ASSETCATALOG_COMPILER_APPICON_NAME = AppIcon;
				INFOPLIST_FILE = T17E01/Info.plist;
				LD_RUNPATH_SEARCH_PATHS = "$(inherited) @executable_path/Frameworks";
				PRODUCT_BUNDLE_IDENTIFIER = jngd.T17E01;
				PRODUCT_NAME = "$(TARGET_NAME)";
			};
			name = Release;
		};
/* End XCBuildConfiguration section */

/* Begin XCConfigurationList section */
		317E6B5F1DCDD78400119706 /* Build configuration list for PBXProject "T17E01" */ = {
			isa = XCConfigurationList;
			buildConfigurations = (
				317E6B741DCDD78400119706 /* Debug */,
				317E6B751DCDD78400119706 /* Release */,
			);
			defaultConfigurationIsVisible = 0;
			defaultConfigurationName = Release;
		};
		317E6B761DCDD78400119706 /* Build configuration list for PBXNativeTarget "T17E01" */ = {
			isa = XCConfigurationList;
			buildConfigurations = (
				317E6B771DCDD78400119706 /* Debug */,
				317E6B781DCDD78400119706 /* Release */,
			);
			defaultConfigurationIsVisible = 0;
			defaultConfigurationName = Release;
		};
/* End XCConfigurationList section */
	};
	rootObject = 317E6B5C1DCDD78400119706 /* Project object */;
}
