// !$*UTF8*$!
{
	archiveVersion = 1;
	classes = {
	};
	objectVersion = 46;
	objects = {

/* Begin PBXBuildFile section */
		312182931DE378160030C2E9 /* conejoConPatatasGratinadas.png in Resources */ = {isa = PBXBuildFile; fileRef = 3121828E1DE378160030C2E9 /* conejoConPatatasGratinadas.png */; };
		312182941DE378160030C2E9 /* ensaladillaRusa.png in Resources */ = {isa = PBXBuildFile; fileRef = 3121828F1DE378160030C2E9 /* ensaladillaRusa.png */; };
		312182951DE378160030C2E9 /* garbanzosConVerdura.png in Resources */ = {isa = PBXBuildFile; fileRef = 312182901DE378160030C2E9 /* garbanzosConVerdura.png */; };
		312182961DE378160030C2E9 /* recetas.plist in Resources */ = {isa = PBXBuildFile; fileRef = 312182911DE378160030C2E9 /* recetas.plist */; };
		312182971DE378160030C2E9 /* solomilloWellington.png in Resources */ = {isa = PBXBuildFile; fileRef = 312182921DE378160030C2E9 /* solomilloWellington.png */; };
		3150DD731DE235000052F060 /* AppDelegate.swift in Sources */ = {isa = PBXBuildFile; fileRef = 3150DD721DE235000052F060 /* AppDelegate.swift */; };
		3150DD781DE235000052F060 /* Main.storyboard in Resources */ = {isa = PBXBuildFile; fileRef = 3150DD761DE235000052F060 /* Main.storyboard */; };
		3150DD7A1DE235000052F060 /* Assets.xcassets in Resources */ = {isa = PBXBuildFile; fileRef = 3150DD791DE235000052F060 /* Assets.xcassets */; };
		3150DD7D1DE235000052F060 /* LaunchScreen.storyboard in Resources */ = {isa = PBXBuildFile; fileRef = 3150DD7B1DE235000052F060 /* LaunchScreen.storyboard */; };
		3150DD851DE2358B0052F060 /* RecipeListCell.swift in Sources */ = {isa = PBXBuildFile; fileRef = 3150DD841DE2358B0052F060 /* RecipeListCell.swift */; };
		3150DD871DE235B10052F060 /* RecipeListViewController.swift in Sources */ = {isa = PBXBuildFile; fileRef = 3150DD861DE235B10052F060 /* RecipeListViewController.swift */; };
		3150DD891DE235BA0052F060 /* RecipeViewController.swift in Sources */ = {isa = PBXBuildFile; fileRef = 3150DD881DE235BA0052F060 /* RecipeViewController.swift */; };
/* End PBXBuildFile section */

/* Begin PBXFileReference section */
		3121828E1DE378160030C2E9 /* conejoConPatatasGratinadas.png */ = {isa = PBXFileReference; lastKnownFileType = image.png; path = conejoConPatatasGratinadas.png; sourceTree = "<group>"; };
		3121828F1DE378160030C2E9 /* ensaladillaRusa.png */ = {isa = PBXFileReference; lastKnownFileType = image.png; path = ensaladillaRusa.png; sourceTree = "<group>"; };
		312182901DE378160030C2E9 /* garbanzosConVerdura.png */ = {isa = PBXFileReference; lastKnownFileType = image.png; path = garbanzosConVerdura.png; sourceTree = "<group>"; };
		312182911DE378160030C2E9 /* recetas.plist */ = {isa = PBXFileReference; fileEncoding = 4; lastKnownFileType = text.plist.xml; path = recetas.plist; sourceTree = "<group>"; };
		312182921DE378160030C2E9 /* solomilloWellington.png */ = {isa = PBXFileReference; lastKnownFileType = image.png; path = solomilloWellington.png; sourceTree = "<group>"; };
		3150DD6F1DE235000052F060 /* T9E01.app */ = {isa = PBXFileReference; explicitFileType = wrapper.application; includeInIndex = 0; path = T9E01.app; sourceTree = BUILT_PRODUCTS_DIR; };
		3150DD721DE235000052F060 /* AppDelegate.swift */ = {isa = PBXFileReference; lastKnownFileType = sourcecode.swift; path = AppDelegate.swift; sourceTree = "<group>"; };
		3150DD771DE235000052F060 /* Base */ = {isa = PBXFileReference; lastKnownFileType = file.storyboard; name = Base; path = Base.lproj/Main.storyboard; sourceTree = "<group>"; };
		3150DD791DE235000052F060 /* Assets.xcassets */ = {isa = PBXFileReference; lastKnownFileType = folder.assetcatalog; path = Assets.xcassets; sourceTree = "<group>"; };
		3150DD7C1DE235000052F060 /* Base */ = {isa = PBXFileReference; lastKnownFileType = file.storyboard; name = Base; path = Base.lproj/LaunchScreen.storyboard; sourceTree = "<group>"; };
		3150DD7E1DE235000052F060 /* Info.plist */ = {isa = PBXFileReference; lastKnownFileType = text.plist.xml; path = Info.plist; sourceTree = "<group>"; };
		3150DD841DE2358B0052F060 /* RecipeListCell.swift */ = {isa = PBXFileReference; fileEncoding = 4; lastKnownFileType = sourcecode.swift; path = RecipeListCell.swift; sourceTree = "<group>"; };
		3150DD861DE235B10052F060 /* RecipeListViewController.swift */ = {isa = PBXFileReference; fileEncoding = 4; lastKnownFileType = sourcecode.swift; path = RecipeListViewController.swift; sourceTree = "<group>"; };
		3150DD881DE235BA0052F060 /* RecipeViewController.swift */ = {isa = PBXFileReference; fileEncoding = 4; lastKnownFileType = sourcecode.swift; path = RecipeViewController.swift; sourceTree = "<group>"; };
/* End PBXFileReference section */

/* Begin PBXFrameworksBuildPhase section */
		3150DD6C1DE235000052F060 /* Frameworks */ = {
			isa = PBXFrameworksBuildPhase;
			buildActionMask = 2147483647;
			files = (
			);
			runOnlyForDeploymentPostprocessing = 0;
		};
/* End PBXFrameworksBuildPhase section */

/* Begin PBXGroup section */
		3121828D1DE378060030C2E9 /* Resources */ = {
			isa = PBXGroup;
			children = (
				3121828E1DE378160030C2E9 /* conejoConPatatasGratinadas.png */,
				3121828F1DE378160030C2E9 /* ensaladillaRusa.png */,
				312182901DE378160030C2E9 /* garbanzosConVerdura.png */,
				312182911DE378160030C2E9 /* recetas.plist */,
				312182921DE378160030C2E9 /* solomilloWellington.png */,
			);
			name = Resources;
			sourceTree = "<group>";
		};
		3150DD661DE235000052F060 = {
			isa = PBXGroup;
			children = (
				3121828D1DE378060030C2E9 /* Resources */,
				3150DD711DE235000052F060 /* T9E01 */,
				3150DD701DE235000052F060 /* Products */,
			);
			sourceTree = "<group>";
		};
		3150DD701DE235000052F060 /* Products */ = {
			isa = PBXGroup;
			children = (
				3150DD6F1DE235000052F060 /* T9E01.app */,
			);
			name = Products;
			sourceTree = "<group>";
		};
		3150DD711DE235000052F060 /* T9E01 */ = {
			isa = PBXGroup;
			children = (
				3150DD721DE235000052F060 /* AppDelegate.swift */,
				3150DD761DE235000052F060 /* Main.storyboard */,
				3150DD841DE2358B0052F060 /* RecipeListCell.swift */,
				3150DD861DE235B10052F060 /* RecipeListViewController.swift */,
				3150DD881DE235BA0052F060 /* RecipeViewController.swift */,
				3150DD791DE235000052F060 /* Assets.xcassets */,
				3150DD7B1DE235000052F060 /* LaunchScreen.storyboard */,
				3150DD7E1DE235000052F060 /* Info.plist */,
			);
			path = T9E01;
			sourceTree = "<group>";
		};
/* End PBXGroup section */

/* Begin PBXNativeTarget section */
		3150DD6E1DE235000052F060 /* T9E01 */ = {
			isa = PBXNativeTarget;
			buildConfigurationList = 3150DD811DE235000052F060 /* Build configuration list for PBXNativeTarget "T9E01" */;
			buildPhases = (
				3150DD6B1DE235000052F060 /* Sources */,
				3150DD6C1DE235000052F060 /* Frameworks */,
				3150DD6D1DE235000052F060 /* Resources */,
			);
			buildRules = (
			);
			dependencies = (
			);
			name = T9E01;
			productName = T9E01;
			productReference = 3150DD6F1DE235000052F060 /* T9E01.app */;
			productType = "com.apple.product-type.application";
		};
/* End PBXNativeTarget section */

/* Begin PBXProject section */
		3150DD671DE235000052F060 /* Project object */ = {
			isa = PBXProject;
			attributes = {
				LastSwiftUpdateCheck = 0730;
				LastUpgradeCheck = 0730;
				ORGANIZATIONNAME = jngd;
				TargetAttributes = {
					3150DD6E1DE235000052F060 = {
						CreatedOnToolsVersion = 7.3.1;
					};
				};
			};
			buildConfigurationList = 3150DD6A1DE235000052F060 /* Build configuration list for PBXProject "T9E01" */;
			compatibilityVersion = "Xcode 3.2";
			developmentRegion = English;
			hasScannedForEncodings = 0;
			knownRegions = (
				en,
				Base,
			);
			mainGroup = 3150DD661DE235000052F060;
			productRefGroup = 3150DD701DE235000052F060 /* Products */;
			projectDirPath = "";
			projectRoot = "";
			targets = (
				3150DD6E1DE235000052F060 /* T9E01 */,
			);
		};
/* End PBXProject section */

/* Begin PBXResourcesBuildPhase section */
		3150DD6D1DE235000052F060 /* Resources */ = {
			isa = PBXResourcesBuildPhase;
			buildActionMask = 2147483647;
			files = (
				312182961DE378160030C2E9 /* recetas.plist in Resources */,
				312182941DE378160030C2E9 /* ensaladillaRusa.png in Resources */,
				3150DD7D1DE235000052F060 /* LaunchScreen.storyboard in Resources */,
				3150DD7A1DE235000052F060 /* Assets.xcassets in Resources */,
				3150DD781DE235000052F060 /* Main.storyboard in Resources */,
				312182951DE378160030C2E9 /* garbanzosConVerdura.png in Resources */,
				312182931DE378160030C2E9 /* conejoConPatatasGratinadas.png in Resources */,
				312182971DE378160030C2E9 /* solomilloWellington.png in Resources */,
			);
			runOnlyForDeploymentPostprocessing = 0;
		};
/* End PBXResourcesBuildPhase section */

/* Begin PBXSourcesBuildPhase section */
		3150DD6B1DE235000052F060 /* Sources */ = {
			isa = PBXSourcesBuildPhase;
			buildActionMask = 2147483647;
			files = (
				3150DD891DE235BA0052F060 /* RecipeViewController.swift in Sources */,
				3150DD731DE235000052F060 /* AppDelegate.swift in Sources */,
				3150DD851DE2358B0052F060 /* RecipeListCell.swift in Sources */,
				3150DD871DE235B10052F060 /* RecipeListViewController.swift in Sources */,
			);
			runOnlyForDeploymentPostprocessing = 0;
		};
/* End PBXSourcesBuildPhase section */

/* Begin PBXVariantGroup section */
		3150DD761DE235000052F060 /* Main.storyboard */ = {
			isa = PBXVariantGroup;
			children = (
				3150DD771DE235000052F060 /* Base */,
			);
			name = Main.storyboard;
			sourceTree = "<group>";
		};
		3150DD7B1DE235000052F060 /* LaunchScreen.storyboard */ = {
			isa = PBXVariantGroup;
			children = (
				3150DD7C1DE235000052F060 /* Base */,
			);
			name = LaunchScreen.storyboard;
			sourceTree = "<group>";
		};
/* End PBXVariantGroup section */

/* Begin XCBuildConfiguration section */
		3150DD7F1DE235000052F060 /* Debug */ = {
			isa = XCBuildConfiguration;
			buildSettings = {
				ALWAYS_SEARCH_USER_PATHS = NO;
				CLANG_ANALYZER_NONNULL = YES;
				CLANG_CXX_LANGUAGE_STANDARD = "gnu++0x";
				CLANG_CXX_LIBRARY = "libc++";
				CLANG_ENABLE_MODULES = YES;
				CLANG_ENABLE_OBJC_ARC = YES;
				CLANG_WARN_BOOL_CONVERSION = YES;
				CLANG_WARN_CONSTANT_CONVERSION = YES;
				CLANG_WARN_DIRECT_OBJC_ISA_USAGE = YES_ERROR;
				CLANG_WARN_EMPTY_BODY = YES;
				CLANG_WARN_ENUM_CONVERSION = YES;
				CLANG_WARN_INT_CONVERSION = YES;
				CLANG_WARN_OBJC_ROOT_CLASS = YES_ERROR;
				CLANG_WARN_UNREACHABLE_CODE = YES;
				CLANG_WARN__DUPLICATE_METHOD_MATCH = YES;
				"CODE_SIGN_IDENTITY[sdk=iphoneos*]" = "iPhone Developer";
				COPY_PHASE_STRIP = NO;
				DEBUG_INFORMATION_FORMAT = dwarf;
				ENABLE_STRICT_OBJC_MSGSEND = YES;
				ENABLE_TESTABILITY = YES;
				GCC_C_LANGUAGE_STANDARD = gnu99;
				GCC_DYNAMIC_NO_PIC = NO;
				GCC_NO_COMMON_BLOCKS = YES;
				GCC_OPTIMIZATION_LEVEL = 0;
				GCC_PREPROCESSOR_DEFINITIONS = (
					"DEBUG=1",
					"$(inherited)",
				);
				GCC_WARN_64_TO_32_BIT_CONVERSION = YES;
				GCC_WARN_ABOUT_RETURN_TYPE = YES_ERROR;
				GCC_WARN_UNDECLARED_SELECTOR = YES;
				GCC_WARN_UNINITIALIZED_AUTOS = YES_AGGRESSIVE;
				GCC_WARN_UNUSED_FUNCTION = YES;
				GCC_WARN_UNUSED_VARIABLE = YES;
				IPHONEOS_DEPLOYMENT_TARGET = 9.3;
				MTL_ENABLE_DEBUG_INFO = YES;
				ONLY_ACTIVE_ARCH = YES;
				SDKROOT = iphoneos;
				SWIFT_OPTIMIZATION_LEVEL = "-Onone";
			};
			name = Debug;
		};
		3150DD801DE235000052F060 /* Release */ = {
			isa = XCBuildConfiguration;
			buildSettings = {
				ALWAYS_SEARCH_USER_PATHS = NO;
				CLANG_ANALYZER_NONNULL = YES;
				CLANG_CXX_LANGUAGE_STANDARD = "gnu++0x";
				CLANG_CXX_LIBRARY = "libc++";
				CLANG_ENABLE_MODULES = YES;
				CLANG_ENABLE_OBJC_ARC = YES;
				CLANG_WARN_BOOL_CONVERSION = YES;
				CLANG_WARN_CONSTANT_CONVERSION = YES;
				CLANG_WARN_DIRECT_OBJC_ISA_USAGE = YES_ERROR;
				CLANG_WARN_EMPTY_BODY = YES;
				CLANG_WARN_ENUM_CONVERSION = YES;
				CLANG_WARN_INT_CONVERSION = YES;
				CLANG_WARN_OBJC_ROOT_CLASS = YES_ERROR;
				CLANG_WARN_UNREACHABLE_CODE = YES;
				CLANG_WARN__DUPLICATE_METHOD_MATCH = YES;
				"CODE_SIGN_IDENTITY[sdk=iphoneos*]" = "iPhone Developer";
				COPY_PHASE_STRIP = NO;
				DEBUG_INFORMATION_FORMAT = "dwarf-with-dsym";
				ENABLE_NS_ASSERTIONS = NO;
				ENABLE_STRICT_OBJC_MSGSEND = YES;
				GCC_C_LANGUAGE_STANDARD = gnu99;
				GCC_NO_COMMON_BLOCKS = YES;
				GCC_WARN_64_TO_32_BIT_CONVERSION = YES;
				GCC_WARN_ABOUT_RETURN_TYPE = YES_ERROR;
				GCC_WARN_UNDECLARED_SELECTOR = YES;
				GCC_WARN_UNINITIALIZED_AUTOS = YES_AGGRESSIVE;
				GCC_WARN_UNUSED_FUNCTION = YES;
				GCC_WARN_UNUSED_VARIABLE = YES;
				IPHONEOS_DEPLOYMENT_TARGET = 9.3;
				MTL_ENABLE_DEBUG_INFO = NO;
				SDKROOT = iphoneos;
				VALIDATE_PRODUCT = YES;
			};
			name = Release;
		};
		3150DD821DE235000052F060 /* Debug */ = {
			isa = XCBuildConfiguration;
			buildSettings = {
				ASSETCATALOG_COMPILER_APPICON_NAME = AppIcon;
				INFOPLIST_FILE = T9E01/Info.plist;
				LD_RUNPATH_SEARCH_PATHS = "$(inherited) @executable_path/Frameworks";
				PRODUCT_BUNDLE_IDENTIFIER = jngd.T9E01;
				PRODUCT_NAME = "$(TARGET_NAME)";
			};
			name = Debug;
		};
		3150DD831DE235000052F060 /* Release */ = {
			isa = XCBuildConfiguration;
			buildSettings = {
				ASSETCATALOG_COMPILER_APPICON_NAME = AppIcon;
				INFOPLIST_FILE = T9E01/Info.plist;
				LD_RUNPATH_SEARCH_PATHS = "$(inherited) @executable_path/Frameworks";
				PRODUCT_BUNDLE_IDENTIFIER = jngd.T9E01;
				PRODUCT_NAME = "$(TARGET_NAME)";
			};
			name = Release;
		};
/* End XCBuildConfiguration section */

/* Begin XCConfigurationList section */
		3150DD6A1DE235000052F060 /* Build configuration list for PBXProject "T9E01" */ = {
			isa = XCConfigurationList;
			buildConfigurations = (
				3150DD7F1DE235000052F060 /* Debug */,
				3150DD801DE235000052F060 /* Release */,
			);
			defaultConfigurationIsVisible = 0;
			defaultConfigurationName = Release;
		};
		3150DD811DE235000052F060 /* Build configuration list for PBXNativeTarget "T9E01" */ = {
			isa = XCConfigurationList;
			buildConfigurations = (
				3150DD821DE235000052F060 /* Debug */,
				3150DD831DE235000052F060 /* Release */,
			);
			defaultConfigurationIsVisible = 0;
			defaultConfigurationName = Release;
		};
/* End XCConfigurationList section */
	};
	rootObject = 3150DD671DE235000052F060 /* Project object */;
}
